
Microsoft Visual Studio Solution File, Format Version 12.00
# Visual Studio Version 16
VisualStudioVersion = 16.0.31129.286
MinimumVisualStudioVersion = 10.0.40219.1
Project("{9A19103F-16F7-4668-BE54-9A1E7A4F7556}") = "SportsStore", "SportsStore.csproj", "{BF6D7510-F540-4B03-8B18-E4E2B46E398C}"
EndProject
Project("{FAE04EC0-301F-11D3-BF4B-00C04F79EFBC}") = "SportsStore.Test", "..\SportsStore.Test\SportsStore.Test.csproj", "{C7CA95BA-689D-43C8-9AA9-DFF0DD84A1B2}"
EndProject
Global
	GlobalSection(SolutionConfigurationPlatforms) = preSolution
		Debug|Any CPU = Debug|Any CPU
		Release|Any CPU = Release|Any CPU
	EndGlobalSection
	GlobalSection(ProjectConfigurationPlatforms) = postSolution
		{BF6D7510-F540-4B03-8B18-E4E2B46E398C}.Debug|Any CPU.ActiveCfg = Debug|Any CPU
		{BF6D7510-F540-4B03-8B18-E4E2B46E398C}.Debug|Any CPU.Build.0 = Debug|Any CPU
		{BF6D7510-F540-4B03-8B18-E4E2B46E398C}.Release|Any CPU.ActiveCfg = Release|Any CPU
		{BF6D7510-F540-4B03-8B18-E4E2B46E398C}.Release|Any CPU.Build.0 = Release|Any CPU
		{C7CA95BA-689D-43C8-9AA9-DFF0DD84A1B2}.Debug|Any CPU.ActiveCfg = Debug|Any CPU
		{C7CA95BA-689D-43C8-9AA9-DFF0DD84A1B2}.Debug|Any CPU.Build.0 = Debug|Any CPU
		{C7CA95BA-689D-43C8-9AA9-DFF0DD84A1B2}.Release|Any CPU.ActiveCfg = Release|Any CPU
		{C7CA95BA-689D-43C8-9AA9-DFF0DD84A1B2}.Release|Any CPU.Build.0 = Release|Any CPU
	EndGlobalSection
	GlobalSection(SolutionProperties) = preSolution
		HideSolutionNode = FALSE
	EndGlobalSection
	GlobalSection(ExtensibilityGlobals) = postSolution
		SolutionGuid = {172AF9A2-DEBD-4ABC-9D3C-7A8F9C87981F}
	EndGlobalSection
EndGlobal
